{
  "requires": true,
  "lockfileVersion": 1,
  "dependencies": {
    "protractor-pretty-html-reporter": {
      "version": "0.0.16",
      "resolved": "https://registry.npmjs.org/protractor-pretty-html-reporter/-/protractor-pretty-html-reporter-0.0.16.tgz",
      "integrity": "sha512-JPIt3IvikkOBHathQJZqYWWOP1d5kKED/rzpSxI7igibN39c6rWPMEUgxw474IfVMJlzYRhYXgBKAWcZhSdqIw==",
      "dev": true
    }
  }
}
